// !$*UTF8*$!
{
	archiveVersion = 1;
	classes = {
	};
	objectVersion = 56;
	objects = {

/* Begin PBXBuildFile section */
		0289003497DF8E44251A9AFC /* CastleRoll+CoreDataClass.swift in Sources */ = {isa = PBXBuildFile; fileRef = B48E736C168DD6D2685C1B08 /* CastleRoll+CoreDataClass.swift */; };
		0B1ABE9357F8DC830D0F23E2 /* RollChartsGroupView.swift in Sources */ = {isa = PBXBuildFile; fileRef = EBF73E306ADAB0307C64DDC4 /* RollChartsGroupView.swift */; };
		0BB6586D76EDA58294760932 /* TuistStrings+CatanStats.swift in Sources */ = {isa = PBXBuildFile; fileRef = 913035B9796E465FB2A69AE4 /* TuistStrings+CatanStats.swift */; };
		10B0186D6174917690A7BD49 /* NewRollPresenter.swift in Sources */ = {isa = PBXBuildFile; fileRef = AF27358E1D70896D00A857AE /* NewRollPresenter.swift */; };
		113E4001E8D31C235BF3A5A5 /* GameDetailsPresenter.swift in Sources */ = {isa = PBXBuildFile; fileRef = D4E7CC94B90F7FBCA5741A41 /* GameDetailsPresenter.swift */; };
		12702FB8DC89B48744DE0E38 /* NewRollViewController.swift in Sources */ = {isa = PBXBuildFile; fileRef = 8E5EF3B9AD3C88C8C0AE327E /* NewRollViewController.swift */; };
		12DC914B7FDF409D76BEFCE4 /* Localizable.strings in Resources */ = {isa = PBXBuildFile; fileRef = 2BA590ED06C2CFE985953AB6 /* Localizable.strings */; };
		13B10E6AEDB6A87C66D0C578 /* AppTests.swift in Sources */ = {isa = PBXBuildFile; fileRef = A1F7604AF2E8B55FD62DE4BD /* AppTests.swift */; };
		1525AC4247E804527856105D /* DiceRoll+CoreDataProperties.swift in Sources */ = {isa = PBXBuildFile; fileRef = CF2760635E40B6453D49107A /* DiceRoll+CoreDataProperties.swift */; };
		1F190988B2657F0C148CB6B3 /* Game+CoreDataClass.swift in Sources */ = {isa = PBXBuildFile; fileRef = 5809355A53B7D67A562C6A3E /* Game+CoreDataClass.swift */; };
		1F9B59D72C034FC200FE48D8 /* UIImage + Scale.swift in Sources */ = {isa = PBXBuildFile; fileRef = 1F9B59D62C034FC200FE48D8 /* UIImage + Scale.swift */; };
		1F9B59D92C0357B400FE48D8 /* GameManager.swift in Sources */ = {isa = PBXBuildFile; fileRef = 1F9B59D82C0357B400FE48D8 /* GameManager.swift */; };
		2A03A8F93B875F2296C31801 /* TabBarPage.swift in Sources */ = {isa = PBXBuildFile; fileRef = D41156EC57A051B6791E6736 /* TabBarPage.swift */; };
		311CC1E3526549B57AEE463B /* NewRollCell.swift in Sources */ = {isa = PBXBuildFile; fileRef = C9D2C96F4410B212E75551E6 /* NewRollCell.swift */; };
		34903FACE574A8956B85A984 /* GameDetailsViewData.swift in Sources */ = {isa = PBXBuildFile; fileRef = 4F0DCA0C8EB105BD61D3D9E4 /* GameDetailsViewData.swift */; };
		371685B3806223E6F0BBDCFB /* ShipRoll+CoreDataClass.swift in Sources */ = {isa = PBXBuildFile; fileRef = 13559F16F97E62BFDD402407 /* ShipRoll+CoreDataClass.swift */; };
		397329FF835C99AD23DCF961 /* UIColor+Dynamic.swift in Sources */ = {isa = PBXBuildFile; fileRef = 2B4D84B3320E4C51D1E6524E /* UIColor+Dynamic.swift */; };
		4065E151AED7E3FB9CE4BA52 /* TuistStrings+CatanStatsTests.swift in Sources */ = {isa = PBXBuildFile; fileRef = DD2ADAF2F9FCB83339D0D7F8 /* TuistStrings+CatanStatsTests.swift */; };
		40E82DB02459730CE8D7C7B9 /* Game+CoreDataProperties.swift in Sources */ = {isa = PBXBuildFile; fileRef = 5333425A7667E68E662B28D3 /* Game+CoreDataProperties.swift */; };
		422BB9E72DFC8A7151F6441F /* DiceModel.swift in Sources */ = {isa = PBXBuildFile; fileRef = 9B5399CCF7E72FFE65F648BC /* DiceModel.swift */; };
		46171EF7C5DCA3AF72990184 /* NewRollAssembly.swift in Sources */ = {isa = PBXBuildFile; fileRef = 58FCBE98141652DD52D17AAA /* NewRollAssembly.swift */; };
		55FF7FB654B3776E890B3D68 /* GameListRouter.swift in Sources */ = {isa = PBXBuildFile; fileRef = 08400F648EC78B4EDCC50A6A /* GameListRouter.swift */; };
		59F95649E19F693B9425DF9E /* CatanStats.xcdatamodeld in Sources */ = {isa = PBXBuildFile; fileRef = 143FE92D4E9E1D3883E94C51 /* CatanStats.xcdatamodeld */; };
		64D4A25491E6A660C6082087 /* Color.swift in Sources */ = {isa = PBXBuildFile; fileRef = 0573503B5EDFF04A6DBAD965 /* Color.swift */; };
		64F7E1D877637F8AE9C51995 /* AppDelegate.swift in Sources */ = {isa = PBXBuildFile; fileRef = 5F54292C625F2C0876F29007 /* AppDelegate.swift */; };
		6ABC5C1201FFBFBF7C5B1376 /* CoreDataStack.swift in Sources */ = {isa = PBXBuildFile; fileRef = 30F737E79CD8585A62283C00 /* CoreDataStack.swift */; };
		6D82C14B6692A3028A8F6510 /* Localizable.strings in Resources */ = {isa = PBXBuildFile; fileRef = 2BA590ED06C2CFE985953AB6 /* Localizable.strings */; };
		6FD5E9EE3DDFAFE91B83042F /* GameModelProvider.swift in Sources */ = {isa = PBXBuildFile; fileRef = A7E3AB24AAB4BE09B0ABFCBB /* GameModelProvider.swift */; };
		7AC40458B89385CAC1BCA3B3 /* CatanStats.xcdatamodeld in Sources */ = {isa = PBXBuildFile; fileRef = 143FE92D4E9E1D3883E94C51 /* CatanStats.xcdatamodeld */; };
		8059D4CB95D8CFDB03034D02 /* Roll+CoreDataClass.swift in Sources */ = {isa = PBXBuildFile; fileRef = 98C95A64ABDC5E067B9744CC /* Roll+CoreDataClass.swift */; };
		867E40050F4C5933EFDD1656 /* SectionLayoutProviderFactory.swift in Sources */ = {isa = PBXBuildFile; fileRef = 66111A7B95E0700C2FE8D7B3 /* SectionLayoutProviderFactory.swift */; };
		8A57C6BA02A25CBF3AA0681A /* RollModelCounter.swift in Sources */ = {isa = PBXBuildFile; fileRef = 63F1ED5630C4672395085467 /* RollModelCounter.swift */; };
		8D3315A66374AFBD4713E4F3 /* GameDetailsSectionHeaderView.swift in Sources */ = {isa = PBXBuildFile; fileRef = E4C6874F86EA551ACB3B7EB1 /* GameDetailsSectionHeaderView.swift */; };
		903599D7F15624298A4DF14C /* NewRollPresenterTests.swift in Sources */ = {isa = PBXBuildFile; fileRef = 9B39F6B73C362120A42642DE /* NewRollPresenterTests.swift */; };
		93B7E8C22235B1DAF40CAF9D /* GameDetailsAssembly.swift in Sources */ = {isa = PBXBuildFile; fileRef = C66463D4B55E7C8FB44FBB0B /* GameDetailsAssembly.swift */; };
		A17EF1029E3E81BF5E3A1173 /* TuistBundle+CatanStatsTests.swift in Sources */ = {isa = PBXBuildFile; fileRef = BD0E412851734EDEB9E898CB /* TuistBundle+CatanStatsTests.swift */; };
		A3B4175087B1B6B49810DB84 /* Roll+CoreDataProperties.swift in Sources */ = {isa = PBXBuildFile; fileRef = B935B6361C4E3C0E5B4D00CD /* Roll+CoreDataProperties.swift */; };
		A55F1101621633519D118D54 /* TuistBundle+CatanStats.swift in Sources */ = {isa = PBXBuildFile; fileRef = 56A441F660C3E2EE7BD54837 /* TuistBundle+CatanStats.swift */; };
		A8C8ADEE2E9EB5B603FC703D /* GameListViewController.swift in Sources */ = {isa = PBXBuildFile; fileRef = C99F3D07B00C29C76CEB1AAF /* GameListViewController.swift */; };
		C2F609730A0D28793CEFCD4D /* RollDistributionChartView.swift in Sources */ = {isa = PBXBuildFile; fileRef = 6040D9CCC8BD671785DF30EC /* RollDistributionChartView.swift */; };
		C62AE8D26C1C63748DE09E76 /* LaunchScreen.storyboard in Resources */ = {isa = PBXBuildFile; fileRef = C43DA17B8A9F79CE9C1765C8 /* LaunchScreen.storyboard */; };
		CE8A1E56477C4F0E88FA5F6C /* GameListPresenter.swift in Sources */ = {isa = PBXBuildFile; fileRef = D7973E010EAC3CD514E6AF1F /* GameListPresenter.swift */; };
		DBBD26B20F386C760141C992 /* CastleRoll+CoreDataProperties.swift in Sources */ = {isa = PBXBuildFile; fileRef = BC9A37C0F6FC4ABEA9AE56AF /* CastleRoll+CoreDataProperties.swift */; };
		DCF2DACC10D1394AA21E36C6 /* ShipRoll+CoreDataProperties.swift in Sources */ = {isa = PBXBuildFile; fileRef = 10AABA3F2DA473C533A7F933 /* ShipRoll+CoreDataProperties.swift */; };
		DF91644E826A25AC7F84EB14 /* RollCountTableViewCell.swift in Sources */ = {isa = PBXBuildFile; fileRef = 5D0FF38DB238D88E9DC73F13 /* RollCountTableViewCell.swift */; };
		E364EC63B923EF94F66687B8 /* GameDetailsViewController.swift in Sources */ = {isa = PBXBuildFile; fileRef = D97E9445F9DAC0FDF11BAAD1 /* GameDetailsViewController.swift */; };
		E932BDE82FC90EC09FD2D2BE /* DiceRoll+CoreDataClass.swift in Sources */ = {isa = PBXBuildFile; fileRef = 288FA04DBEE57DDCCBDD7CA8 /* DiceRoll+CoreDataClass.swift */; };
		E9E83F1C27D74E3FB066E616 /* RollSection.swift in Sources */ = {isa = PBXBuildFile; fileRef = F76BC80C2D46F1EECB46A955 /* RollSection.swift */; };
		F4135EF0E8F7C8FFD1E3203F /* GameListAssembly.swift in Sources */ = {isa = PBXBuildFile; fileRef = E38A3475F3626F471AFB104B /* GameListAssembly.swift */; };
		F633CAB96B4490A9F360B088 /* ChartCountersModel.swift in Sources */ = {isa = PBXBuildFile; fileRef = EA75AA9EB0E9FEB9AD117BD2 /* ChartCountersModel.swift */; };
		F7ED04D417A6AAF5A212B167 /* TestCoreDataStack.swift in Sources */ = {isa = PBXBuildFile; fileRef = A9D7D9FD3299FBDF04E1CAB0 /* TestCoreDataStack.swift */; };
		F8811BCAC17E255EF1AF5876 /* Sizes.swift in Sources */ = {isa = PBXBuildFile; fileRef = 89775F74EC83AD765B961D4A /* Sizes.swift */; };
		FCEC18F646F9C0034C9D45F4 /* LaunchScreen.storyboard in Resources */ = {isa = PBXBuildFile; fileRef = C43DA17B8A9F79CE9C1765C8 /* LaunchScreen.storyboard */; };
		FF0D4B6D8632CA1BB69E00BB /* MainPageViewController.swift in Sources */ = {isa = PBXBuildFile; fileRef = C98B4EEB9C084EC2ED86BBB5 /* MainPageViewController.swift */; };
/* End PBXBuildFile section */

/* Begin PBXContainerItemProxy section */
		02731B47FB72DC7B61FD6B73 /* PBXContainerItemProxy */ = {
			isa = PBXContainerItemProxy;
			containerPortal = D76C3A5A0AC19EFB63AD2AFD /* Project object */;
			proxyType = 1;
			remoteGlobalIDString = B0062D0C7E199C6125AB53B9;
			remoteInfo = CatanStats;
		};
/* End PBXContainerItemProxy section */

/* Begin PBXCopyFilesBuildPhase section */
		989A44783B2761E8FADDE131 /* Embed Frameworks */ = {
			isa = PBXCopyFilesBuildPhase;
			buildActionMask = 2147483647;
			dstPath = "";
			dstSubfolderSpec = 10;
			files = (
			);
			name = "Embed Frameworks";
			runOnlyForDeploymentPostprocessing = 0;
		};
		B28DA699C9736323B154E553 /* Embed Frameworks */ = {
			isa = PBXCopyFilesBuildPhase;
			buildActionMask = 2147483647;
			dstPath = "";
			dstSubfolderSpec = 10;
			files = (
			);
			name = "Embed Frameworks";
			runOnlyForDeploymentPostprocessing = 0;
		};
/* End PBXCopyFilesBuildPhase section */

/* Begin PBXFileReference section */
		050F7F79B6DABA25F0AA2417 /* CatanStats.app */ = {isa = PBXFileReference; explicitFileType = wrapper.application; includeInIndex = 0; path = CatanStats.app; sourceTree = BUILT_PRODUCTS_DIR; };
		0573503B5EDFF04A6DBAD965 /* Color.swift */ = {isa = PBXFileReference; lastKnownFileType = sourcecode.swift; path = Color.swift; sourceTree = "<group>"; };
		08400F648EC78B4EDCC50A6A /* GameListRouter.swift */ = {isa = PBXFileReference; lastKnownFileType = sourcecode.swift; path = GameListRouter.swift; sourceTree = "<group>"; };
		10AABA3F2DA473C533A7F933 /* ShipRoll+CoreDataProperties.swift */ = {isa = PBXFileReference; lastKnownFileType = sourcecode.swift; path = "ShipRoll+CoreDataProperties.swift"; sourceTree = "<group>"; };
		13559F16F97E62BFDD402407 /* ShipRoll+CoreDataClass.swift */ = {isa = PBXFileReference; lastKnownFileType = sourcecode.swift; path = "ShipRoll+CoreDataClass.swift"; sourceTree = "<group>"; };
		1F9B59D62C034FC200FE48D8 /* UIImage + Scale.swift */ = {isa = PBXFileReference; lastKnownFileType = sourcecode.swift; path = "UIImage + Scale.swift"; sourceTree = "<group>"; };
		1F9B59D82C0357B400FE48D8 /* GameManager.swift */ = {isa = PBXFileReference; lastKnownFileType = sourcecode.swift; path = GameManager.swift; sourceTree = "<group>"; };
		288FA04DBEE57DDCCBDD7CA8 /* DiceRoll+CoreDataClass.swift */ = {isa = PBXFileReference; lastKnownFileType = sourcecode.swift; path = "DiceRoll+CoreDataClass.swift"; sourceTree = "<group>"; };
		2B4D84B3320E4C51D1E6524E /* UIColor+Dynamic.swift */ = {isa = PBXFileReference; lastKnownFileType = sourcecode.swift; path = "UIColor+Dynamic.swift"; sourceTree = "<group>"; };
		2BA590ED06C2CFE985953AB6 /* Localizable.strings */ = {isa = PBXFileReference; lastKnownFileType = text.plist.strings; path = Localizable.strings; sourceTree = "<group>"; };
		30F737E79CD8585A62283C00 /* CoreDataStack.swift */ = {isa = PBXFileReference; lastKnownFileType = sourcecode.swift; path = CoreDataStack.swift; sourceTree = "<group>"; };
		4F0DCA0C8EB105BD61D3D9E4 /* GameDetailsViewData.swift */ = {isa = PBXFileReference; lastKnownFileType = sourcecode.swift; path = GameDetailsViewData.swift; sourceTree = "<group>"; };
		5333425A7667E68E662B28D3 /* Game+CoreDataProperties.swift */ = {isa = PBXFileReference; lastKnownFileType = sourcecode.swift; path = "Game+CoreDataProperties.swift"; sourceTree = "<group>"; };
		56A441F660C3E2EE7BD54837 /* TuistBundle+CatanStats.swift */ = {isa = PBXFileReference; lastKnownFileType = sourcecode.swift; path = "TuistBundle+CatanStats.swift"; sourceTree = "<group>"; };
		5809355A53B7D67A562C6A3E /* Game+CoreDataClass.swift */ = {isa = PBXFileReference; lastKnownFileType = sourcecode.swift; path = "Game+CoreDataClass.swift"; sourceTree = "<group>"; };
		58FCBE98141652DD52D17AAA /* NewRollAssembly.swift */ = {isa = PBXFileReference; lastKnownFileType = sourcecode.swift; path = NewRollAssembly.swift; sourceTree = "<group>"; };
		5D0FF38DB238D88E9DC73F13 /* RollCountTableViewCell.swift */ = {isa = PBXFileReference; lastKnownFileType = sourcecode.swift; path = RollCountTableViewCell.swift; sourceTree = "<group>"; };
		5F54292C625F2C0876F29007 /* AppDelegate.swift */ = {isa = PBXFileReference; lastKnownFileType = sourcecode.swift; path = AppDelegate.swift; sourceTree = "<group>"; };
		6040D9CCC8BD671785DF30EC /* RollDistributionChartView.swift */ = {isa = PBXFileReference; lastKnownFileType = sourcecode.swift; path = RollDistributionChartView.swift; sourceTree = "<group>"; };
		63F1ED5630C4672395085467 /* RollModelCounter.swift */ = {isa = PBXFileReference; lastKnownFileType = sourcecode.swift; path = RollModelCounter.swift; sourceTree = "<group>"; };
		66111A7B95E0700C2FE8D7B3 /* SectionLayoutProviderFactory.swift */ = {isa = PBXFileReference; lastKnownFileType = sourcecode.swift; path = SectionLayoutProviderFactory.swift; sourceTree = "<group>"; };
		89775F74EC83AD765B961D4A /* Sizes.swift */ = {isa = PBXFileReference; lastKnownFileType = sourcecode.swift; path = Sizes.swift; sourceTree = "<group>"; };
		8E5EF3B9AD3C88C8C0AE327E /* NewRollViewController.swift */ = {isa = PBXFileReference; lastKnownFileType = sourcecode.swift; path = NewRollViewController.swift; sourceTree = "<group>"; };
		913035B9796E465FB2A69AE4 /* TuistStrings+CatanStats.swift */ = {isa = PBXFileReference; lastKnownFileType = sourcecode.swift; path = "TuistStrings+CatanStats.swift"; sourceTree = "<group>"; };
		98C95A64ABDC5E067B9744CC /* Roll+CoreDataClass.swift */ = {isa = PBXFileReference; lastKnownFileType = sourcecode.swift; path = "Roll+CoreDataClass.swift"; sourceTree = "<group>"; };
		9B39F6B73C362120A42642DE /* NewRollPresenterTests.swift */ = {isa = PBXFileReference; lastKnownFileType = sourcecode.swift; path = NewRollPresenterTests.swift; sourceTree = "<group>"; };
		9B5399CCF7E72FFE65F648BC /* DiceModel.swift */ = {isa = PBXFileReference; lastKnownFileType = sourcecode.swift; path = DiceModel.swift; sourceTree = "<group>"; };
		A1F7604AF2E8B55FD62DE4BD /* AppTests.swift */ = {isa = PBXFileReference; lastKnownFileType = sourcecode.swift; path = AppTests.swift; sourceTree = "<group>"; };
		A7E3AB24AAB4BE09B0ABFCBB /* GameModelProvider.swift */ = {isa = PBXFileReference; lastKnownFileType = sourcecode.swift; path = GameModelProvider.swift; sourceTree = "<group>"; };
		A9D7D9FD3299FBDF04E1CAB0 /* TestCoreDataStack.swift */ = {isa = PBXFileReference; lastKnownFileType = sourcecode.swift; path = TestCoreDataStack.swift; sourceTree = "<group>"; };
		AF27358E1D70896D00A857AE /* NewRollPresenter.swift */ = {isa = PBXFileReference; lastKnownFileType = sourcecode.swift; path = NewRollPresenter.swift; sourceTree = "<group>"; };
		B48E736C168DD6D2685C1B08 /* CastleRoll+CoreDataClass.swift */ = {isa = PBXFileReference; lastKnownFileType = sourcecode.swift; path = "CastleRoll+CoreDataClass.swift"; sourceTree = "<group>"; };
		B935B6361C4E3C0E5B4D00CD /* Roll+CoreDataProperties.swift */ = {isa = PBXFileReference; lastKnownFileType = sourcecode.swift; path = "Roll+CoreDataProperties.swift"; sourceTree = "<group>"; };
		BC9A37C0F6FC4ABEA9AE56AF /* CastleRoll+CoreDataProperties.swift */ = {isa = PBXFileReference; lastKnownFileType = sourcecode.swift; path = "CastleRoll+CoreDataProperties.swift"; sourceTree = "<group>"; };
		BD0E412851734EDEB9E898CB /* TuistBundle+CatanStatsTests.swift */ = {isa = PBXFileReference; lastKnownFileType = sourcecode.swift; path = "TuistBundle+CatanStatsTests.swift"; sourceTree = "<group>"; };
		C16ABFD9764A95D759D446FA /* CatanStats.xcdatamodel */ = {isa = PBXFileReference; lastKnownFileType = wrapper.xcdatamodel; path = CatanStats.xcdatamodel; sourceTree = "<group>"; };
		C43DA17B8A9F79CE9C1765C8 /* LaunchScreen.storyboard */ = {isa = PBXFileReference; lastKnownFileType = file.storyboard; path = LaunchScreen.storyboard; sourceTree = "<group>"; };
		C66463D4B55E7C8FB44FBB0B /* GameDetailsAssembly.swift */ = {isa = PBXFileReference; lastKnownFileType = sourcecode.swift; path = GameDetailsAssembly.swift; sourceTree = "<group>"; };
		C98B4EEB9C084EC2ED86BBB5 /* MainPageViewController.swift */ = {isa = PBXFileReference; lastKnownFileType = sourcecode.swift; path = MainPageViewController.swift; sourceTree = "<group>"; };
		C99F3D07B00C29C76CEB1AAF /* GameListViewController.swift */ = {isa = PBXFileReference; lastKnownFileType = sourcecode.swift; path = GameListViewController.swift; sourceTree = "<group>"; };
		C9D2C96F4410B212E75551E6 /* NewRollCell.swift */ = {isa = PBXFileReference; lastKnownFileType = sourcecode.swift; path = NewRollCell.swift; sourceTree = "<group>"; };
		CF2760635E40B6453D49107A /* DiceRoll+CoreDataProperties.swift */ = {isa = PBXFileReference; lastKnownFileType = sourcecode.swift; path = "DiceRoll+CoreDataProperties.swift"; sourceTree = "<group>"; };
		CFB140FF7E87D50761BA044D /* CatanStats-Info.plist */ = {isa = PBXFileReference; lastKnownFileType = text.plist; path = "CatanStats-Info.plist"; sourceTree = "<group>"; };
		D41156EC57A051B6791E6736 /* TabBarPage.swift */ = {isa = PBXFileReference; lastKnownFileType = sourcecode.swift; path = TabBarPage.swift; sourceTree = "<group>"; };
		D4E7CC94B90F7FBCA5741A41 /* GameDetailsPresenter.swift */ = {isa = PBXFileReference; lastKnownFileType = sourcecode.swift; path = GameDetailsPresenter.swift; sourceTree = "<group>"; };
		D7973E010EAC3CD514E6AF1F /* GameListPresenter.swift */ = {isa = PBXFileReference; lastKnownFileType = sourcecode.swift; path = GameListPresenter.swift; sourceTree = "<group>"; };
		D97E9445F9DAC0FDF11BAAD1 /* GameDetailsViewController.swift */ = {isa = PBXFileReference; lastKnownFileType = sourcecode.swift; path = GameDetailsViewController.swift; sourceTree = "<group>"; };
		DD2ADAF2F9FCB83339D0D7F8 /* TuistStrings+CatanStatsTests.swift */ = {isa = PBXFileReference; lastKnownFileType = sourcecode.swift; path = "TuistStrings+CatanStatsTests.swift"; sourceTree = "<group>"; };
		E38A3475F3626F471AFB104B /* GameListAssembly.swift */ = {isa = PBXFileReference; lastKnownFileType = sourcecode.swift; path = GameListAssembly.swift; sourceTree = "<group>"; };
		E42855F7D66ECD20877B4749 /* CatanStatsTests.xctest */ = {isa = PBXFileReference; explicitFileType = wrapper.cfbundle; includeInIndex = 0; path = CatanStatsTests.xctest; sourceTree = BUILT_PRODUCTS_DIR; };
		E4C6874F86EA551ACB3B7EB1 /* GameDetailsSectionHeaderView.swift */ = {isa = PBXFileReference; lastKnownFileType = sourcecode.swift; path = GameDetailsSectionHeaderView.swift; sourceTree = "<group>"; };
		EA75AA9EB0E9FEB9AD117BD2 /* ChartCountersModel.swift */ = {isa = PBXFileReference; lastKnownFileType = sourcecode.swift; path = ChartCountersModel.swift; sourceTree = "<group>"; };
		EBF73E306ADAB0307C64DDC4 /* RollChartsGroupView.swift */ = {isa = PBXFileReference; lastKnownFileType = sourcecode.swift; path = RollChartsGroupView.swift; sourceTree = "<group>"; };
		F0843F8CEDF11F883711D324 /* CatanStatsTests-Info.plist */ = {isa = PBXFileReference; lastKnownFileType = text.plist; path = "CatanStatsTests-Info.plist"; sourceTree = "<group>"; };
		F76BC80C2D46F1EECB46A955 /* RollSection.swift */ = {isa = PBXFileReference; lastKnownFileType = sourcecode.swift; path = RollSection.swift; sourceTree = "<group>"; };
/* End PBXFileReference section */

/* Begin PBXFrameworksBuildPhase section */
		1CDA6E79BEA46908FDF8CF7B /* Frameworks */ = {
			isa = PBXFrameworksBuildPhase;
			buildActionMask = 2147483647;
			files = (
			);
			runOnlyForDeploymentPostprocessing = 0;
		};
		4535B5EA030E71EBD956DB71 /* Frameworks */ = {
			isa = PBXFrameworksBuildPhase;
			buildActionMask = 2147483647;
			files = (
			);
			runOnlyForDeploymentPostprocessing = 0;
		};
/* End PBXFrameworksBuildPhase section */

/* Begin PBXGroup section */
		035FCD0F0A85CF62DA3E802E /* Sources */ = {
			isa = PBXGroup;
			children = (
				A42DC3E5EBFDEA12556EFD62 /* CoreData */,
				AF8C0A517A6532BE7349C26D /* Scenes */,
				6054597BA4740C8E17E798FE /* Shared */,
				6124786768026E2A831417AE /* Theme */,
				5F54292C625F2C0876F29007 /* AppDelegate.swift */,
			);
			path = Sources;
			sourceTree = "<group>";
		};
		09A0C6D6B80876971677C09D /* Presenter */ = {
			isa = PBXGroup;
			children = (
				D4E7CC94B90F7FBCA5741A41 /* GameDetailsPresenter.swift */,
			);
			path = Presenter;
			sourceTree = "<group>";
		};
		124F881B4E37593B111EDBBD /* CatanStats */ = {
			isa = PBXGroup;
			children = (
				CFCC4E9C9B6282F247ADDAC0 /* Resources */,
				035FCD0F0A85CF62DA3E802E /* Sources */,
				F64EFC7227939A8B340075EF /* Tests */,
			);
			path = CatanStats;
			sourceTree = "<group>";
		};
		17138B647947609BCED095D1 /* Assembly */ = {
			isa = PBXGroup;
			children = (
				C66463D4B55E7C8FB44FBB0B /* GameDetailsAssembly.swift */,
			);
			path = Assembly;
			sourceTree = "<group>";
		};
		36481CF0CC1F962334CF22A6 /* Routing */ = {
			isa = PBXGroup;
			children = (
				08400F648EC78B4EDCC50A6A /* GameListRouter.swift */,
			);
			path = Routing;
			sourceTree = "<group>";
		};
		386CD031586D08F14BB9D572 /* Compiled */ = {
			isa = PBXGroup;
			children = (
			);
			name = Compiled;
			sourceTree = "<group>";
		};
		45DF3BEC701FF904B2DC6B71 /* GameDetails */ = {
			isa = PBXGroup;
			children = (
				17138B647947609BCED095D1 /* Assembly */,
				A40B92510067E6BD11F2D56B /* Model */,
				09A0C6D6B80876971677C09D /* Presenter */,
				C98D37ECD601479271475F3E /* Views */,
			);
			path = GameDetails;
			sourceTree = "<group>";
		};
		4D4981F872EAEC8B0AFC520D /* Assembly */ = {
			isa = PBXGroup;
			children = (
				E38A3475F3626F471AFB104B /* GameListAssembly.swift */,
			);
			path = Assembly;
			sourceTree = "<group>";
		};
		4D863F4B9E594D8345337134 /* Presenter */ = {
			isa = PBXGroup;
			children = (
				D7973E010EAC3CD514E6AF1F /* GameListPresenter.swift */,
			);
			path = Presenter;
			sourceTree = "<group>";
		};
		54743DAA4D8005FA8E2D1F75 /* NewRoll */ = {
			isa = PBXGroup;
			children = (
				6CC1DB94E370AE775217D238 /* Assembly */,
				58BF02C1FCC8CDD0E8C9B353 /* Presenter */,
				808A40C27F32EE2E7B733FBA /* Views */,
			);
			path = NewRoll;
			sourceTree = "<group>";
		};
		5634867B95D65C759F279BB6 /* Extensions */ = {
			isa = PBXGroup;
			children = (
				2B4D84B3320E4C51D1E6524E /* UIColor+Dynamic.swift */,
				1F9B59D62C034FC200FE48D8 /* UIImage + Scale.swift */,
			);
			path = Extensions;
			sourceTree = "<group>";
		};
		58BF02C1FCC8CDD0E8C9B353 /* Presenter */ = {
			isa = PBXGroup;
			children = (
				AF27358E1D70896D00A857AE /* NewRollPresenter.swift */,
			);
			path = Presenter;
			sourceTree = "<group>";
		};
		6054597BA4740C8E17E798FE /* Shared */ = {
			isa = PBXGroup;
			children = (
				9B5399CCF7E72FFE65F648BC /* DiceModel.swift */,
				A7E3AB24AAB4BE09B0ABFCBB /* GameModelProvider.swift */,
				F76BC80C2D46F1EECB46A955 /* RollSection.swift */,
				1F9B59D82C0357B400FE48D8 /* GameManager.swift */,
			);
			path = Shared;
			sourceTree = "<group>";
		};
		6124786768026E2A831417AE /* Theme */ = {
			isa = PBXGroup;
			children = (
				5634867B95D65C759F279BB6 /* Extensions */,
				0573503B5EDFF04A6DBAD965 /* Color.swift */,
				89775F74EC83AD765B961D4A /* Sizes.swift */,
			);
			path = Theme;
			sourceTree = "<group>";
		};
		63DABE2C94994E5A6F409F93 /* Project */ = {
			isa = PBXGroup;
			children = (
				DF5B09F66B3080A2F68B4DE0 /* Derived */,
				7DC7D4CB381E6848ABD88AA9 /* Targets */,
			);
			name = Project;
			sourceTree = "<group>";
		};
		6CC1DB94E370AE775217D238 /* Assembly */ = {
			isa = PBXGroup;
			children = (
				58FCBE98141652DD52D17AAA /* NewRollAssembly.swift */,
			);
			path = Assembly;
			sourceTree = "<group>";
		};
		759BB916C84B0E9DD5EFBAA8 /* Sources */ = {
			isa = PBXGroup;
			children = (
				56A441F660C3E2EE7BD54837 /* TuistBundle+CatanStats.swift */,
				BD0E412851734EDEB9E898CB /* TuistBundle+CatanStatsTests.swift */,
				913035B9796E465FB2A69AE4 /* TuistStrings+CatanStats.swift */,
				DD2ADAF2F9FCB83339D0D7F8 /* TuistStrings+CatanStatsTests.swift */,
			);
			path = Sources;
			sourceTree = "<group>";
		};
		75F44D70E54621AA988F7D00 /* InfoPlists */ = {
			isa = PBXGroup;
			children = (
				CFB140FF7E87D50761BA044D /* CatanStats-Info.plist */,
				F0843F8CEDF11F883711D324 /* CatanStatsTests-Info.plist */,
			);
			path = InfoPlists;
			sourceTree = "<group>";
		};
		7DC7D4CB381E6848ABD88AA9 /* Targets */ = {
			isa = PBXGroup;
			children = (
				124F881B4E37593B111EDBBD /* CatanStats */,
			);
			path = Targets;
			sourceTree = "<group>";
		};
		808A40C27F32EE2E7B733FBA /* Views */ = {
			isa = PBXGroup;
			children = (
				B7588B0E35A22DEEA0AB9759 /* Subviews */,
				8E5EF3B9AD3C88C8C0AE327E /* NewRollViewController.swift */,
				66111A7B95E0700C2FE8D7B3 /* SectionLayoutProviderFactory.swift */,
			);
			path = Views;
			sourceTree = "<group>";
		};
		9B1A32925F5A286A04F47950 /* Subviews */ = {
			isa = PBXGroup;
			children = (
				6040D9CCC8BD671785DF30EC /* RollDistributionChartView.swift */,
			);
			path = Subviews;
			sourceTree = "<group>";
		};
		9BD701CA57B2398E20AEA1CD /* Subviews */ = {
			isa = PBXGroup;
			children = (
				9D131DD117FD9AD1311460FB /* RollChartsGroupView */,
				E4C6874F86EA551ACB3B7EB1 /* GameDetailsSectionHeaderView.swift */,
				5D0FF38DB238D88E9DC73F13 /* RollCountTableViewCell.swift */,
			);
			path = Subviews;
			sourceTree = "<group>";
		};
		9D131DD117FD9AD1311460FB /* RollChartsGroupView */ = {
			isa = PBXGroup;
			children = (
				9B1A32925F5A286A04F47950 /* Subviews */,
				EBF73E306ADAB0307C64DDC4 /* RollChartsGroupView.swift */,
			);
			path = RollChartsGroupView;
			sourceTree = "<group>";
		};
		A40B92510067E6BD11F2D56B /* Model */ = {
			isa = PBXGroup;
			children = (
				EA75AA9EB0E9FEB9AD117BD2 /* ChartCountersModel.swift */,
				4F0DCA0C8EB105BD61D3D9E4 /* GameDetailsViewData.swift */,
				63F1ED5630C4672395085467 /* RollModelCounter.swift */,
			);
			path = Model;
			sourceTree = "<group>";
		};
		A42DC3E5EBFDEA12556EFD62 /* CoreData */ = {
			isa = PBXGroup;
			children = (
				143FE92D4E9E1D3883E94C51 /* CatanStats.xcdatamodeld */,
				EAAB0C7D41563FA855A33D27 /* Managed Objects */,
				30F737E79CD8585A62283C00 /* CoreDataStack.swift */,
			);
			path = CoreData;
			sourceTree = "<group>";
		};
		A859C4B705F20968817B3846 /* Products */ = {
			isa = PBXGroup;
			children = (
				050F7F79B6DABA25F0AA2417 /* CatanStats.app */,
				E42855F7D66ECD20877B4749 /* CatanStatsTests.xctest */,
			);
			name = Products;
			sourceTree = "<group>";
		};
		AF8C0A517A6532BE7349C26D /* Scenes */ = {
			isa = PBXGroup;
			children = (
				45DF3BEC701FF904B2DC6B71 /* GameDetails */,
				CA9FC2DAA1671720582EF4C6 /* GameList */,
				54743DAA4D8005FA8E2D1F75 /* NewRoll */,
				C98B4EEB9C084EC2ED86BBB5 /* MainPageViewController.swift */,
				D41156EC57A051B6791E6736 /* TabBarPage.swift */,
			);
			path = Scenes;
			sourceTree = "<group>";
		};
		B7588B0E35A22DEEA0AB9759 /* Subviews */ = {
			isa = PBXGroup;
			children = (
				C9D2C96F4410B212E75551E6 /* NewRollCell.swift */,
			);
			path = Subviews;
			sourceTree = "<group>";
		};
		C98D37ECD601479271475F3E /* Views */ = {
			isa = PBXGroup;
			children = (
				9BD701CA57B2398E20AEA1CD /* Subviews */,
				D97E9445F9DAC0FDF11BAAD1 /* GameDetailsViewController.swift */,
			);
			path = Views;
			sourceTree = "<group>";
		};
		CA9FC2DAA1671720582EF4C6 /* GameList */ = {
			isa = PBXGroup;
			children = (
				4D4981F872EAEC8B0AFC520D /* Assembly */,
				4D863F4B9E594D8345337134 /* Presenter */,
				36481CF0CC1F962334CF22A6 /* Routing */,
				F0859DD8F00875A8E6E97C30 /* Views */,
			);
			path = GameList;
			sourceTree = "<group>";
		};
		CFCC4E9C9B6282F247ADDAC0 /* Resources */ = {
			isa = PBXGroup;
			children = (
				C43DA17B8A9F79CE9C1765C8 /* LaunchScreen.storyboard */,
				2BA590ED06C2CFE985953AB6 /* Localizable.strings */,
			);
			path = Resources;
			sourceTree = "<group>";
		};
		DF5B09F66B3080A2F68B4DE0 /* Derived */ = {
			isa = PBXGroup;
			children = (
				75F44D70E54621AA988F7D00 /* InfoPlists */,
				759BB916C84B0E9DD5EFBAA8 /* Sources */,
			);
			path = Derived;
			sourceTree = "<group>";
		};
		EAAB0C7D41563FA855A33D27 /* Managed Objects */ = {
			isa = PBXGroup;
			children = (
				B48E736C168DD6D2685C1B08 /* CastleRoll+CoreDataClass.swift */,
				BC9A37C0F6FC4ABEA9AE56AF /* CastleRoll+CoreDataProperties.swift */,
				288FA04DBEE57DDCCBDD7CA8 /* DiceRoll+CoreDataClass.swift */,
				CF2760635E40B6453D49107A /* DiceRoll+CoreDataProperties.swift */,
				5809355A53B7D67A562C6A3E /* Game+CoreDataClass.swift */,
				5333425A7667E68E662B28D3 /* Game+CoreDataProperties.swift */,
				98C95A64ABDC5E067B9744CC /* Roll+CoreDataClass.swift */,
				B935B6361C4E3C0E5B4D00CD /* Roll+CoreDataProperties.swift */,
				13559F16F97E62BFDD402407 /* ShipRoll+CoreDataClass.swift */,
				10AABA3F2DA473C533A7F933 /* ShipRoll+CoreDataProperties.swift */,
			);
			path = "Managed Objects";
			sourceTree = "<group>";
		};
		F0859DD8F00875A8E6E97C30 /* Views */ = {
			isa = PBXGroup;
			children = (
				C99F3D07B00C29C76CEB1AAF /* GameListViewController.swift */,
			);
			path = Views;
			sourceTree = "<group>";
		};
		F64EFC7227939A8B340075EF /* Tests */ = {
			isa = PBXGroup;
			children = (
				A1F7604AF2E8B55FD62DE4BD /* AppTests.swift */,
				9B39F6B73C362120A42642DE /* NewRollPresenterTests.swift */,
				A9D7D9FD3299FBDF04E1CAB0 /* TestCoreDataStack.swift */,
			);
			path = Tests;
			sourceTree = "<group>";
		};
		FCC1DF8B58C3938FC670AD43 = {
			isa = PBXGroup;
			children = (
				63DABE2C94994E5A6F409F93 /* Project */,
				386CD031586D08F14BB9D572 /* Compiled */,
				A859C4B705F20968817B3846 /* Products */,
			);
			sourceTree = "<group>";
		};
/* End PBXGroup section */

/* Begin PBXNativeTarget section */
		39CBFA3883775DAE0E1BD655 /* CatanStatsTests */ = {
			isa = PBXNativeTarget;
			buildConfigurationList = DA019DE3DE088E38F8A1CBAC /* Build configuration list for PBXNativeTarget "CatanStatsTests" */;
			buildPhases = (
				076064E3D46D298EA70428F8 /* Sources */,
				CE17F8F46B65103E2D7D57C5 /* Resources */,
				B28DA699C9736323B154E553 /* Embed Frameworks */,
				4535B5EA030E71EBD956DB71 /* Frameworks */,
			);
			buildRules = (
			);
			dependencies = (
				E90D9A0CE6C13F8871A0278A /* PBXTargetDependency */,
			);
			name = CatanStatsTests;
			productName = CatanStatsTests;
			productReference = E42855F7D66ECD20877B4749 /* CatanStatsTests.xctest */;
			productType = "com.apple.product-type.bundle.unit-test";
		};
		B0062D0C7E199C6125AB53B9 /* CatanStats */ = {
			isa = PBXNativeTarget;
			buildConfigurationList = 8E51B995889377539C74861F /* Build configuration list for PBXNativeTarget "CatanStats" */;
			buildPhases = (
				A4BA3BB2BCF1FD09C59E0CCB /* Run Swiftlint */,
				5678D2E3305274FE1A74D5F2 /* Sources */,
				8AF2A354A9EEB3EC525C048B /* Resources */,
				989A44783B2761E8FADDE131 /* Embed Frameworks */,
				1CDA6E79BEA46908FDF8CF7B /* Frameworks */,
			);
			buildRules = (
			);
			dependencies = (
			);
			name = CatanStats;
			productName = CatanStats;
			productReference = 050F7F79B6DABA25F0AA2417 /* CatanStats.app */;
			productType = "com.apple.product-type.application";
		};
/* End PBXNativeTarget section */

/* Begin PBXProject section */
		D76C3A5A0AC19EFB63AD2AFD /* Project object */ = {
			isa = PBXProject;
			attributes = {
				BuildIndependentTargetsInParallel = YES;
				TargetAttributes = {
					39CBFA3883775DAE0E1BD655 = {
						TestTargetID = B0062D0C7E199C6125AB53B9;
					};
				};
			};
			buildConfigurationList = 1CA95A3F88A088AD68E7D531 /* Build configuration list for PBXProject "CatanStats" */;
			compatibilityVersion = "Xcode 14.0";
			developmentRegion = en;
			hasScannedForEncodings = 0;
			knownRegions = (
				Base,
				en,
			);
			mainGroup = FCC1DF8B58C3938FC670AD43;
			productRefGroup = A859C4B705F20968817B3846 /* Products */;
			projectDirPath = "";
			projectRoot = "";
			targets = (
				B0062D0C7E199C6125AB53B9 /* CatanStats */,
				39CBFA3883775DAE0E1BD655 /* CatanStatsTests */,
			);
		};
/* End PBXProject section */

/* Begin PBXResourcesBuildPhase section */
		8AF2A354A9EEB3EC525C048B /* Resources */ = {
			isa = PBXResourcesBuildPhase;
			buildActionMask = 2147483647;
			files = (
				C62AE8D26C1C63748DE09E76 /* LaunchScreen.storyboard in Resources */,
				6D82C14B6692A3028A8F6510 /* Localizable.strings in Resources */,
			);
			runOnlyForDeploymentPostprocessing = 0;
		};
		CE17F8F46B65103E2D7D57C5 /* Resources */ = {
			isa = PBXResourcesBuildPhase;
			buildActionMask = 2147483647;
			files = (
				FCEC18F646F9C0034C9D45F4 /* LaunchScreen.storyboard in Resources */,
				12DC914B7FDF409D76BEFCE4 /* Localizable.strings in Resources */,
			);
			runOnlyForDeploymentPostprocessing = 0;
		};
/* End PBXResourcesBuildPhase section */

/* Begin PBXShellScriptBuildPhase section */
		A4BA3BB2BCF1FD09C59E0CCB /* Run Swiftlint */ = {
			isa = PBXShellScriptBuildPhase;
			alwaysOutOfDate = 1;
			buildActionMask = 2147483647;
			files = (
			);
			inputFileListPaths = (
			);
			inputPaths = (
			);
			name = "Run Swiftlint";
			outputFileListPaths = (
			);
			outputPaths = (
			);
			runOnlyForDeploymentPostprocessing = 0;
			shellPath = /bin/sh;
			shellScript = "export PATH=\"$PATH:/opt/homebrew/bin\"\nif which swiftlint > /dev/null; then\n swiftlint\nelse\n echo \"warning: SwiftLint not installed, download from https://github.com/realm/SwiftLint\"\n exit 1\nfi";
		};
/* End PBXShellScriptBuildPhase section */

/* Begin PBXSourcesBuildPhase section */
		076064E3D46D298EA70428F8 /* Sources */ = {
			isa = PBXSourcesBuildPhase;
			buildActionMask = 2147483647;
			files = (
				A17EF1029E3E81BF5E3A1173 /* TuistBundle+CatanStatsTests.swift in Sources */,
				4065E151AED7E3FB9CE4BA52 /* TuistStrings+CatanStatsTests.swift in Sources */,
				13B10E6AEDB6A87C66D0C578 /* AppTests.swift in Sources */,
				903599D7F15624298A4DF14C /* NewRollPresenterTests.swift in Sources */,
				F7ED04D417A6AAF5A212B167 /* TestCoreDataStack.swift in Sources */,
				7AC40458B89385CAC1BCA3B3 /* CatanStats.xcdatamodeld in Sources */,
			);
			runOnlyForDeploymentPostprocessing = 0;
		};
		5678D2E3305274FE1A74D5F2 /* Sources */ = {
			isa = PBXSourcesBuildPhase;
			buildActionMask = 2147483647;
			files = (
				A55F1101621633519D118D54 /* TuistBundle+CatanStats.swift in Sources */,
				0BB6586D76EDA58294760932 /* TuistStrings+CatanStats.swift in Sources */,
				64F7E1D877637F8AE9C51995 /* AppDelegate.swift in Sources */,
				6ABC5C1201FFBFBF7C5B1376 /* CoreDataStack.swift in Sources */,
				0289003497DF8E44251A9AFC /* CastleRoll+CoreDataClass.swift in Sources */,
				DBBD26B20F386C760141C992 /* CastleRoll+CoreDataProperties.swift in Sources */,
				E932BDE82FC90EC09FD2D2BE /* DiceRoll+CoreDataClass.swift in Sources */,
				1525AC4247E804527856105D /* DiceRoll+CoreDataProperties.swift in Sources */,
				1F190988B2657F0C148CB6B3 /* Game+CoreDataClass.swift in Sources */,
				40E82DB02459730CE8D7C7B9 /* Game+CoreDataProperties.swift in Sources */,
				8059D4CB95D8CFDB03034D02 /* Roll+CoreDataClass.swift in Sources */,
				1F9B59D72C034FC200FE48D8 /* UIImage + Scale.swift in Sources */,
				A3B4175087B1B6B49810DB84 /* Roll+CoreDataProperties.swift in Sources */,
				371685B3806223E6F0BBDCFB /* ShipRoll+CoreDataClass.swift in Sources */,
				DCF2DACC10D1394AA21E36C6 /* ShipRoll+CoreDataProperties.swift in Sources */,
				93B7E8C22235B1DAF40CAF9D /* GameDetailsAssembly.swift in Sources */,
				F633CAB96B4490A9F360B088 /* ChartCountersModel.swift in Sources */,
				34903FACE574A8956B85A984 /* GameDetailsViewData.swift in Sources */,
				8A57C6BA02A25CBF3AA0681A /* RollModelCounter.swift in Sources */,
				113E4001E8D31C235BF3A5A5 /* GameDetailsPresenter.swift in Sources */,
				E364EC63B923EF94F66687B8 /* GameDetailsViewController.swift in Sources */,
				8D3315A66374AFBD4713E4F3 /* GameDetailsSectionHeaderView.swift in Sources */,
				0B1ABE9357F8DC830D0F23E2 /* RollChartsGroupView.swift in Sources */,
				C2F609730A0D28793CEFCD4D /* RollDistributionChartView.swift in Sources */,
				DF91644E826A25AC7F84EB14 /* RollCountTableViewCell.swift in Sources */,
				1F9B59D92C0357B400FE48D8 /* GameManager.swift in Sources */,
				F4135EF0E8F7C8FFD1E3203F /* GameListAssembly.swift in Sources */,
				CE8A1E56477C4F0E88FA5F6C /* GameListPresenter.swift in Sources */,
				55FF7FB654B3776E890B3D68 /* GameListRouter.swift in Sources */,
				A8C8ADEE2E9EB5B603FC703D /* GameListViewController.swift in Sources */,
				FF0D4B6D8632CA1BB69E00BB /* MainPageViewController.swift in Sources */,
				46171EF7C5DCA3AF72990184 /* NewRollAssembly.swift in Sources */,
				10B0186D6174917690A7BD49 /* NewRollPresenter.swift in Sources */,
				12702FB8DC89B48744DE0E38 /* NewRollViewController.swift in Sources */,
				867E40050F4C5933EFDD1656 /* SectionLayoutProviderFactory.swift in Sources */,
				311CC1E3526549B57AEE463B /* NewRollCell.swift in Sources */,
				2A03A8F93B875F2296C31801 /* TabBarPage.swift in Sources */,
				422BB9E72DFC8A7151F6441F /* DiceModel.swift in Sources */,
				6FD5E9EE3DDFAFE91B83042F /* GameModelProvider.swift in Sources */,
				E9E83F1C27D74E3FB066E616 /* RollSection.swift in Sources */,
				64D4A25491E6A660C6082087 /* Color.swift in Sources */,
				397329FF835C99AD23DCF961 /* UIColor+Dynamic.swift in Sources */,
				F8811BCAC17E255EF1AF5876 /* Sizes.swift in Sources */,
				59F95649E19F693B9425DF9E /* CatanStats.xcdatamodeld in Sources */,
			);
			runOnlyForDeploymentPostprocessing = 0;
		};
/* End PBXSourcesBuildPhase section */

/* Begin PBXTargetDependency section */
		E90D9A0CE6C13F8871A0278A /* PBXTargetDependency */ = {
			isa = PBXTargetDependency;
			name = CatanStats;
			target = B0062D0C7E199C6125AB53B9 /* CatanStats */;
			targetProxy = 02731B47FB72DC7B61FD6B73 /* PBXContainerItemProxy */;
		};
/* End PBXTargetDependency section */

/* Begin XCBuildConfiguration section */
		5ABDCDADFCB94B4C502615B1 /* Debug */ = {
			isa = XCBuildConfiguration;
			buildSettings = {
				BUNDLE_LOADER = "$(TEST_HOST)";
				CODE_SIGN_IDENTITY = "iPhone Developer";
				INFOPLIST_FILE = "Derived/InfoPlists/CatanStatsTests-Info.plist";
				IPHONEOS_DEPLOYMENT_TARGET = 16.0;
				LD_RUNPATH_SEARCH_PATHS = (
					"$(inherited)",
					"@executable_path/Frameworks",
					"@loader_path/Frameworks",
				);
				PRODUCT_BUNDLE_IDENTIFIER = Mamlygo.CatanStatsTests;
				PRODUCT_NAME = CatanStatsTests;
				SDKROOT = iphoneos;
				SUPPORTS_MACCATALYST = NO;
				SUPPORTS_MAC_DESIGNED_FOR_IPHONE_IPAD = NO;
				SUPPORTS_XR_DESIGNED_FOR_IPHONE_IPAD = NO;
				SWIFT_ACTIVE_COMPILATION_CONDITIONS = DEBUG;
				SWIFT_COMPILATION_MODE = singlefile;
				SWIFT_OPTIMIZATION_LEVEL = "-Onone";
				SWIFT_VERSION = 5.0;
				TARGETED_DEVICE_FAMILY = 1;
				TEST_HOST = "$(BUILT_PRODUCTS_DIR)/CatanStats.app/$(BUNDLE_EXECUTABLE_FOLDER_PATH)/CatanStats";
				TEST_TARGET_NAME = CatanStats;
			};
			name = Debug;
		};
		7680AD596E847E59DCB555EF /* Debug */ = {
			isa = XCBuildConfiguration;
			buildSettings = {
				ALWAYS_SEARCH_USER_PATHS = NO;
				CLANG_ANALYZER_LOCALIZABILITY_NONLOCALIZED = YES;
				CLANG_ANALYZER_NONNULL = YES;
				CLANG_ANALYZER_NUMBER_OBJECT_CONVERSION = YES_AGGRESSIVE;
				CLANG_CXX_LANGUAGE_STANDARD = "gnu++14";
				CLANG_CXX_LIBRARY = "libc++";
				CLANG_ENABLE_MODULES = YES;
				CLANG_ENABLE_OBJC_ARC = YES;
				CLANG_ENABLE_OBJC_WEAK = YES;
				CLANG_WARN_BLOCK_CAPTURE_AUTORELEASING = YES;
				CLANG_WARN_BOOL_CONVERSION = YES;
				CLANG_WARN_COMMA = YES;
				CLANG_WARN_CONSTANT_CONVERSION = YES;
				CLANG_WARN_DEPRECATED_OBJC_IMPLEMENTATIONS = YES;
				CLANG_WARN_DIRECT_OBJC_ISA_USAGE = YES_ERROR;
				CLANG_WARN_DOCUMENTATION_COMMENTS = YES;
				CLANG_WARN_EMPTY_BODY = YES;
				CLANG_WARN_ENUM_CONVERSION = YES;
				CLANG_WARN_INFINITE_RECURSION = YES;
				CLANG_WARN_INT_CONVERSION = YES;
				CLANG_WARN_NON_LITERAL_NULL_CONVERSION = YES;
				CLANG_WARN_OBJC_IMPLICIT_RETAIN_SELF = YES;
				CLANG_WARN_OBJC_LITERAL_CONVERSION = YES;
				CLANG_WARN_OBJC_ROOT_CLASS = YES_ERROR;
				CLANG_WARN_QUOTED_INCLUDE_IN_FRAMEWORK_HEADER = YES;
				CLANG_WARN_RANGE_LOOP_ANALYSIS = YES;
				CLANG_WARN_STRICT_PROTOTYPES = YES;
				CLANG_WARN_SUSPICIOUS_MOVE = YES;
				CLANG_WARN_UNGUARDED_AVAILABILITY = YES_AGGRESSIVE;
				CLANG_WARN_UNREACHABLE_CODE = YES;
				CLANG_WARN__DUPLICATE_METHOD_MATCH = YES;
				COPY_PHASE_STRIP = NO;
				DEAD_CODE_STRIPPING = YES;
				DEBUG_INFORMATION_FORMAT = dwarf;
				ENABLE_STRICT_OBJC_MSGSEND = YES;
				ENABLE_TESTABILITY = YES;
				GCC_C_LANGUAGE_STANDARD = gnu11;
				GCC_DYNAMIC_NO_PIC = NO;
				GCC_NO_COMMON_BLOCKS = YES;
				GCC_OPTIMIZATION_LEVEL = 0;
				GCC_PREPROCESSOR_DEFINITIONS = (
					"DEBUG=1",
					"$(inherited)",
				);
				GCC_WARN_64_TO_32_BIT_CONVERSION = YES;
				GCC_WARN_ABOUT_RETURN_TYPE = YES_ERROR;
				GCC_WARN_UNDECLARED_SELECTOR = YES;
				GCC_WARN_UNINITIALIZED_AUTOS = YES_AGGRESSIVE;
				GCC_WARN_UNUSED_FUNCTION = YES;
				GCC_WARN_UNUSED_VARIABLE = YES;
				MTL_ENABLE_DEBUG_INFO = YES;
				ONLY_ACTIVE_ARCH = YES;
				PRODUCT_NAME = "$(TARGET_NAME)";
			};
			name = Debug;
		};
		9CC880A89103389808A30AC5 /* Release */ = {
			isa = XCBuildConfiguration;
			buildSettings = {
				ASSETCATALOG_COMPILER_APPICON_NAME = AppIcon;
				CODE_SIGN_IDENTITY = "iPhone Developer";
				DEVELOPMENT_TEAM = HUJ988ZQ9U;
				ENABLE_PREVIEWS = YES;
				INFOPLIST_FILE = "Derived/InfoPlists/CatanStats-Info.plist";
				IPHONEOS_DEPLOYMENT_TARGET = 16.0;
				LD_RUNPATH_SEARCH_PATHS = (
					"$(inherited)",
					"@executable_path/Frameworks",
				);
				PRODUCT_BUNDLE_IDENTIFIER = Mamlygo.CatanStats;
				PRODUCT_NAME = CatanStats;
				SDKROOT = iphoneos;
				SUPPORTS_MACCATALYST = NO;
				SUPPORTS_MAC_DESIGNED_FOR_IPHONE_IPAD = NO;
				SUPPORTS_XR_DESIGNED_FOR_IPHONE_IPAD = NO;
				SWIFT_COMPILATION_MODE = wholemodule;
				SWIFT_OPTIMIZATION_LEVEL = "-Owholemodule";
				SWIFT_VERSION = 5.0;
				TARGETED_DEVICE_FAMILY = 1;
			};
			name = Release;
		};
		B0937B472BCEECF6EE6A63A6 /* Release */ = {
			isa = XCBuildConfiguration;
			buildSettings = {
				BUNDLE_LOADER = "$(TEST_HOST)";
				CODE_SIGN_IDENTITY = "iPhone Developer";
				INFOPLIST_FILE = "Derived/InfoPlists/CatanStatsTests-Info.plist";
				IPHONEOS_DEPLOYMENT_TARGET = 16.0;
				LD_RUNPATH_SEARCH_PATHS = (
					"$(inherited)",
					"@executable_path/Frameworks",
					"@loader_path/Frameworks",
				);
				PRODUCT_BUNDLE_IDENTIFIER = Mamlygo.CatanStatsTests;
				PRODUCT_NAME = CatanStatsTests;
				SDKROOT = iphoneos;
				SUPPORTS_MACCATALYST = NO;
				SUPPORTS_MAC_DESIGNED_FOR_IPHONE_IPAD = NO;
				SUPPORTS_XR_DESIGNED_FOR_IPHONE_IPAD = NO;
				SWIFT_COMPILATION_MODE = wholemodule;
				SWIFT_OPTIMIZATION_LEVEL = "-Owholemodule";
				SWIFT_VERSION = 5.0;
				TARGETED_DEVICE_FAMILY = 1;
				TEST_HOST = "$(BUILT_PRODUCTS_DIR)/CatanStats.app/$(BUNDLE_EXECUTABLE_FOLDER_PATH)/CatanStats";
				TEST_TARGET_NAME = CatanStats;
			};
			name = Release;
		};
		BFC83E30B4BA2FC6CADF63EE /* Debug */ = {
			isa = XCBuildConfiguration;
			buildSettings = {
				ASSETCATALOG_COMPILER_APPICON_NAME = AppIcon;
				CODE_SIGN_IDENTITY = "iPhone Developer";
				DEVELOPMENT_TEAM = HUJ988ZQ9U;
				ENABLE_PREVIEWS = YES;
				INFOPLIST_FILE = "Derived/InfoPlists/CatanStats-Info.plist";
				IPHONEOS_DEPLOYMENT_TARGET = 16.0;
				LD_RUNPATH_SEARCH_PATHS = (
					"$(inherited)",
					"@executable_path/Frameworks",
				);
				PRODUCT_BUNDLE_IDENTIFIER = Mamlygo.CatanStats;
				PRODUCT_NAME = CatanStats;
				SDKROOT = iphoneos;
				SUPPORTS_MACCATALYST = NO;
				SUPPORTS_MAC_DESIGNED_FOR_IPHONE_IPAD = NO;
				SUPPORTS_XR_DESIGNED_FOR_IPHONE_IPAD = NO;
				SWIFT_ACTIVE_COMPILATION_CONDITIONS = DEBUG;
				SWIFT_COMPILATION_MODE = singlefile;
				SWIFT_OPTIMIZATION_LEVEL = "-Onone";
				SWIFT_VERSION = 5.0;
				TARGETED_DEVICE_FAMILY = 1;
			};
			name = Debug;
		};
		D807A324D7CB25FB2B9AB602 /* Release */ = {
			isa = XCBuildConfiguration;
			buildSettings = {
				ALWAYS_SEARCH_USER_PATHS = NO;
				CLANG_ANALYZER_LOCALIZABILITY_NONLOCALIZED = YES;
				CLANG_ANALYZER_NONNULL = YES;
				CLANG_ANALYZER_NUMBER_OBJECT_CONVERSION = YES_AGGRESSIVE;
				CLANG_CXX_LANGUAGE_STANDARD = "gnu++14";
				CLANG_CXX_LIBRARY = "libc++";
				CLANG_ENABLE_MODULES = YES;
				CLANG_ENABLE_OBJC_ARC = YES;
				CLANG_ENABLE_OBJC_WEAK = YES;
				CLANG_WARN_BLOCK_CAPTURE_AUTORELEASING = YES;
				CLANG_WARN_BOOL_CONVERSION = YES;
				CLANG_WARN_COMMA = YES;
				CLANG_WARN_CONSTANT_CONVERSION = YES;
				CLANG_WARN_DEPRECATED_OBJC_IMPLEMENTATIONS = YES;
				CLANG_WARN_DIRECT_OBJC_ISA_USAGE = YES_ERROR;
				CLANG_WARN_DOCUMENTATION_COMMENTS = YES;
				CLANG_WARN_EMPTY_BODY = YES;
				CLANG_WARN_ENUM_CONVERSION = YES;
				CLANG_WARN_INFINITE_RECURSION = YES;
				CLANG_WARN_INT_CONVERSION = YES;
				CLANG_WARN_NON_LITERAL_NULL_CONVERSION = YES;
				CLANG_WARN_OBJC_IMPLICIT_RETAIN_SELF = YES;
				CLANG_WARN_OBJC_LITERAL_CONVERSION = YES;
				CLANG_WARN_OBJC_ROOT_CLASS = YES_ERROR;
				CLANG_WARN_QUOTED_INCLUDE_IN_FRAMEWORK_HEADER = YES;
				CLANG_WARN_RANGE_LOOP_ANALYSIS = YES;
				CLANG_WARN_STRICT_PROTOTYPES = YES;
				CLANG_WARN_SUSPICIOUS_MOVE = YES;
				CLANG_WARN_UNGUARDED_AVAILABILITY = YES_AGGRESSIVE;
				CLANG_WARN_UNREACHABLE_CODE = YES;
				CLANG_WARN__DUPLICATE_METHOD_MATCH = YES;
				COPY_PHASE_STRIP = NO;
				DEAD_CODE_STRIPPING = YES;
				DEBUG_INFORMATION_FORMAT = "dwarf-with-dsym";
				ENABLE_NS_ASSERTIONS = NO;
				ENABLE_STRICT_OBJC_MSGSEND = YES;
				GCC_C_LANGUAGE_STANDARD = gnu11;
				GCC_NO_COMMON_BLOCKS = YES;
				GCC_WARN_64_TO_32_BIT_CONVERSION = YES;
				GCC_WARN_ABOUT_RETURN_TYPE = YES_ERROR;
				GCC_WARN_UNDECLARED_SELECTOR = YES;
				GCC_WARN_UNINITIALIZED_AUTOS = YES_AGGRESSIVE;
				GCC_WARN_UNUSED_FUNCTION = YES;
				GCC_WARN_UNUSED_VARIABLE = YES;
				MTL_ENABLE_DEBUG_INFO = NO;
				PRODUCT_NAME = "$(TARGET_NAME)";
				VALIDATE_PRODUCT = YES;
			};
			name = Release;
		};
/* End XCBuildConfiguration section */

/* Begin XCConfigurationList section */
		1CA95A3F88A088AD68E7D531 /* Build configuration list for PBXProject "CatanStats" */ = {
			isa = XCConfigurationList;
			buildConfigurations = (
				7680AD596E847E59DCB555EF /* Debug */,
				D807A324D7CB25FB2B9AB602 /* Release */,
			);
			defaultConfigurationIsVisible = 0;
			defaultConfigurationName = Release;
		};
		8E51B995889377539C74861F /* Build configuration list for PBXNativeTarget "CatanStats" */ = {
			isa = XCConfigurationList;
			buildConfigurations = (
				BFC83E30B4BA2FC6CADF63EE /* Debug */,
				9CC880A89103389808A30AC5 /* Release */,
			);
			defaultConfigurationIsVisible = 0;
			defaultConfigurationName = Release;
		};
		DA019DE3DE088E38F8A1CBAC /* Build configuration list for PBXNativeTarget "CatanStatsTests" */ = {
			isa = XCConfigurationList;
			buildConfigurations = (
				5ABDCDADFCB94B4C502615B1 /* Debug */,
				B0937B472BCEECF6EE6A63A6 /* Release */,
			);
			defaultConfigurationIsVisible = 0;
			defaultConfigurationName = Release;
		};
/* End XCConfigurationList section */

/* Begin XCVersionGroup section */
		143FE92D4E9E1D3883E94C51 /* CatanStats.xcdatamodeld */ = {
			isa = XCVersionGroup;
			children = (
				C16ABFD9764A95D759D446FA /* CatanStats.xcdatamodel */,
			);
			currentVersion = C16ABFD9764A95D759D446FA /* CatanStats.xcdatamodel */;
			path = CatanStats.xcdatamodeld;
			sourceTree = "<group>";
			versionGroupType = wrapper.xcdatamodel;
		};
/* End XCVersionGroup section */
	};
	rootObject = D76C3A5A0AC19EFB63AD2AFD /* Project object */;
}
